github.com/brentp/intintmap v0.0.0-20190211203843-30dc0ade9af9 h1:/G0ghZwrhou0Wq21qc1vXXMm/t/aKWkALWwITptKbE0=
github.com/brentp/intintmap v0.0.0-20190211203843-30dc0ade9af9/go.mod h1:TOk10ahXejq9wkEaym3KPRNeuR/h5Jx+s8QRWIa2oTM=
github.com/marusama/semaphore/v2 v2.5.0 h1:o/1QJD9DBYOWRnDhPwDVAXQn6mQYD0gZaS1Tpx6DJGM=
github.com/marusama/semaphore/v2 v2.5.0/go.mod h1:z9nMiNUekt/LTpTUQdpp+4sJeYqUGpwMHfW0Z8V8fnQ=
